
Microsoft Visual Studio Solution File, Format Version 12.00
# Visual Studio Version 17
VisualStudioVersion = 17.0.32002.185
MinimumVisualStudioVersion = 10.0.40219.1
Project("{FAE04EC0-301F-11D3-BF4B-00C04F79EFBC}") = "ZoomApiCore", "ZoomApiCore\ZoomApiCore.csproj", "{3A95D79F-1B0B-4149-AF3C-142B5F994ACA}"
EndProject
Global
	GlobalSection(SolutionConfigurationPlatforms) = preSolution
		Debug|Any CPU = Debug|Any CPU
		Release|Any CPU = Release|Any CPU
	EndGlobalSection
	GlobalSection(ProjectConfigurationPlatforms) = postSolution
		{3A95D79F-1B0B-4149-AF3C-142B5F994ACA}.Debug|Any CPU.ActiveCfg = Debug|Any CPU
		{3A95D79F-1B0B-4149-AF3C-142B5F994ACA}.Debug|Any CPU.Build.0 = Debug|Any CPU
		{3A95D79F-1B0B-4149-AF3C-142B5F994ACA}.Release|Any CPU.ActiveCfg = Release|Any CPU
		{3A95D79F-1B0B-4149-AF3C-142B5F994ACA}.Release|Any CPU.Build.0 = Release|Any CPU
	EndGlobalSection
	GlobalSection(SolutionProperties) = preSolution
		HideSolutionNode = FALSE
	EndGlobalSection
	GlobalSection(ExtensibilityGlobals) = postSolution
		SolutionGuid = {D8D2EEB6-690A-4129-A808-6FF37FE9ACDF}
	EndGlobalSection
EndGlobal
